
Microsoft Visual Studio Solution File, Format Version 12.00
# Visual Studio Version 17
VisualStudioVersion = 17.4.33213.308
MinimumVisualStudioVersion = 10.0.40219.1
Project("{FAE04EC0-301F-11D3-BF4B-00C04F79EFBC}") = "L01_2020_VH_602", "L01_2020_VH_602.csproj", "{DF972D5C-57C6-4B43-BB3D-78C0D1DA6565}"
EndProject
Global
	GlobalSection(SolutionConfigurationPlatforms) = preSolution
		Debug|Any CPU = Debug|Any CPU
		Release|Any CPU = Release|Any CPU
	EndGlobalSection
	GlobalSection(ProjectConfigurationPlatforms) = postSolution
		{DF972D5C-57C6-4B43-BB3D-78C0D1DA6565}.Debug|Any CPU.ActiveCfg = Debug|Any CPU
		{DF972D5C-57C6-4B43-BB3D-78C0D1DA6565}.Debug|Any CPU.Build.0 = Debug|Any CPU
		{DF972D5C-57C6-4B43-BB3D-78C0D1DA6565}.Release|Any CPU.ActiveCfg = Release|Any CPU
		{DF972D5C-57C6-4B43-BB3D-78C0D1DA6565}.Release|Any CPU.Build.0 = Release|Any CPU
	EndGlobalSection
	GlobalSection(SolutionProperties) = preSolution
		HideSolutionNode = FALSE
	EndGlobalSection
	GlobalSection(ExtensibilityGlobals) = postSolution
		SolutionGuid = {FB7CCF49-455E-4557-85BC-DF6426738D4A}
	EndGlobalSection
EndGlobal
